Microsoft Visual Studio Solution File, Format Version 12.00
# Visual Studio Version 17
VisualStudioVersion = 17.5.2.0
MinimumVisualStudioVersion = 10.0.40219.1
Project("{FAE04EC0-301F-11D3-BF4B-00C04F79EFBC}") = "VideoVaultApi", "VideoVaultApi\VideoVaultApi.csproj", "{A768D4E0-F2BF-CCA6-9871-4A26C7E87C90}"
EndProject
Global
	GlobalSection(SolutionConfigurationPlatforms) = preSolution
		Debug|Any CPU = Debug|Any CPU
		Release|Any CPU = Release|Any CPU
	EndGlobalSection
	GlobalSection(ProjectConfigurationPlatforms) = postSolution
		{A768D4E0-F2BF-CCA6-9871-4A26C7E87C90}.Debug|Any CPU.ActiveCfg = Debug|Any CPU
		{A768D4E0-F2BF-CCA6-9871-4A26C7E87C90}.Debug|Any CPU.Build.0 = Debug|Any CPU
		{A768D4E0-F2BF-CCA6-9871-4A26C7E87C90}.Release|Any CPU.ActiveCfg = Release|Any CPU
		{A768D4E0-F2BF-CCA6-9871-4A26C7E87C90}.Release|Any CPU.Build.0 = Release|Any CPU
	EndGlobalSection
	GlobalSection(SolutionProperties) = preSolution
		HideSolutionNode = FALSE
	EndGlobalSection
	GlobalSection(ExtensibilityGlobals) = postSolution
		SolutionGuid = {67C0A754-F76E-4494-82A5-B07BA8A78FA1}
	EndGlobalSection
EndGlobal
